
Microsoft Visual Studio Solution File, Format Version 12.00
# Visual Studio 15
VisualStudioVersion = 15.0.28307.271
MinimumVisualStudioVersion = 10.0.40219.1
Project("{FAE04EC0-301F-11D3-BF4B-00C04F79EFBC}") = "WorkingWithAzureKeyVault", "WorkingWithAzureKeyVault\WorkingWithAzureKeyVault.csproj", "{B261BD4B-ED74-4E75-8D08-53B4F690E5D4}"
EndProject
Global
	GlobalSection(SolutionConfigurationPlatforms) = preSolution
		Debug|Any CPU = Debug|Any CPU
		Release|Any CPU = Release|Any CPU
	EndGlobalSection
	GlobalSection(ProjectConfigurationPlatforms) = postSolution
		{B261BD4B-ED74-4E75-8D08-53B4F690E5D4}.Debug|Any CPU.ActiveCfg = Debug|Any CPU
		{B261BD4B-ED74-4E75-8D08-53B4F690E5D4}.Debug|Any CPU.Build.0 = Debug|Any CPU
		{B261BD4B-ED74-4E75-8D08-53B4F690E5D4}.Release|Any CPU.ActiveCfg = Release|Any CPU
		{B261BD4B-ED74-4E75-8D08-53B4F690E5D4}.Release|Any CPU.Build.0 = Release|Any CPU
	EndGlobalSection
	GlobalSection(SolutionProperties) = preSolution
		HideSolutionNode = FALSE
	EndGlobalSection
	GlobalSection(ExtensibilityGlobals) = postSolution
		SolutionGuid = {B48D34CA-F600-487D-8F5D-7C2FCBE7CFC6}
	EndGlobalSection
EndGlobal
